
Microsoft Visual Studio Solution File, Format Version 12.00
# Visual Studio Version 17
VisualStudioVersion = 17.4.33213.308
MinimumVisualStudioVersion = 10.0.40219.1
Project("{FAE04EC0-301F-11D3-BF4B-00C04F79EFBC}") = "DarkLink.Roslyn.Asyncify", "DarkLink.Roslyn.Asyncify\DarkLink.Roslyn.Asyncify.csproj", "{B4F6F2E4-C7A6-4B83-8203-1709D140C87E}"
EndProject
Project("{FAE04EC0-301F-11D3-BF4B-00C04F79EFBC}") = "DarkLink.Roslyn.Asyncify.Test", "DarkLink.Roslyn.Asyncify.Test\DarkLink.Roslyn.Asyncify.Test.csproj", "{EFB6C708-0A93-4391-B94B-634FA6C0FEBA}"
EndProject
Global
	GlobalSection(SolutionConfigurationPlatforms) = preSolution
		Debug|Any CPU = Debug|Any CPU
		Release|Any CPU = Release|Any CPU
	EndGlobalSection
	GlobalSection(ProjectConfigurationPlatforms) = postSolution
		{B4F6F2E4-C7A6-4B83-8203-1709D140C87E}.Debug|Any CPU.ActiveCfg = Debug|Any CPU
		{B4F6F2E4-C7A6-4B83-8203-1709D140C87E}.Debug|Any CPU.Build.0 = Debug|Any CPU
		{B4F6F2E4-C7A6-4B83-8203-1709D140C87E}.Release|Any CPU.ActiveCfg = Release|Any CPU
		{B4F6F2E4-C7A6-4B83-8203-1709D140C87E}.Release|Any CPU.Build.0 = Release|Any CPU
		{EFB6C708-0A93-4391-B94B-634FA6C0FEBA}.Debug|Any CPU.ActiveCfg = Debug|Any CPU
		{EFB6C708-0A93-4391-B94B-634FA6C0FEBA}.Debug|Any CPU.Build.0 = Debug|Any CPU
		{EFB6C708-0A93-4391-B94B-634FA6C0FEBA}.Release|Any CPU.ActiveCfg = Release|Any CPU
		{EFB6C708-0A93-4391-B94B-634FA6C0FEBA}.Release|Any CPU.Build.0 = Release|Any CPU
	EndGlobalSection
	GlobalSection(SolutionProperties) = preSolution
		HideSolutionNode = FALSE
	EndGlobalSection
	GlobalSection(ExtensibilityGlobals) = postSolution
		SolutionGuid = {62DDF94A-B615-47BB-9D77-AB8A67DAF183}
	EndGlobalSection
EndGlobal
